
Microsoft Visual Studio Solution File, Format Version 12.00
# Visual Studio Version 17
VisualStudioVersion = 17.14.36203.30 d17.14
MinimumVisualStudioVersion = 10.0.40219.1
Project("{FAE04EC0-301F-11D3-BF4B-00C04F79EFBC}") = "Assignment 4", "Assignment 4\Assignment 4.csproj", "{3F3678C9-3E3B-4B53-83F3-E8C324F6FC65}"
EndProject
Global
	GlobalSection(SolutionConfigurationPlatforms) = preSolution
		Debug|Any CPU = Debug|Any CPU
		Release|Any CPU = Release|Any CPU
	EndGlobalSection
	GlobalSection(ProjectConfigurationPlatforms) = postSolution
		{3F3678C9-3E3B-4B53-83F3-E8C324F6FC65}.Debug|Any CPU.ActiveCfg = Debug|Any CPU
		{3F3678C9-3E3B-4B53-83F3-E8C324F6FC65}.Debug|Any CPU.Build.0 = Debug|Any CPU
		{3F3678C9-3E3B-4B53-83F3-E8C324F6FC65}.Release|Any CPU.ActiveCfg = Release|Any CPU
		{3F3678C9-3E3B-4B53-83F3-E8C324F6FC65}.Release|Any CPU.Build.0 = Release|Any CPU
	EndGlobalSection
	GlobalSection(SolutionProperties) = preSolution
		HideSolutionNode = FALSE
	EndGlobalSection
	GlobalSection(ExtensibilityGlobals) = postSolution
		SolutionGuid = {32A33A50-AD71-4FDC-B32C-133203C8693A}
	EndGlobalSection
EndGlobal
